// !$*UTF8*$!
{
	archiveVersion = 1;
	classes = {
	};
	objectVersion = 54;
	objects = {

/* Begin PBXBuildFile section */
		C10D2C352ACC1BB4003DE05B /* TaskView.swift in Sources */ = {isa = PBXBuildFile; fileRef = C10D2C342ACC1BB4003DE05B /* TaskView.swift */; };
		C10D2C372ACC1BD9003DE05B /* TaskRepository.swift in Sources */ = {isa = PBXBuildFile; fileRef = C10D2C362ACC1BD9003DE05B /* TaskRepository.swift */; };
		C10D2C3A2ACC1E61003DE05B /* TaskItem.swift in Sources */ = {isa = PBXBuildFile; fileRef = C10D2C392ACC1E61003DE05B /* TaskItem.swift */; };
		C116657B27D0BDF600F9E9DE /* NameViewModel.swift in Sources */ = {isa = PBXBuildFile; fileRef = C116657A27D0BDF600F9E9DE /* NameViewModel.swift */; };
		C11A938F2BEDF1FA00D1CD54 /* Poppins-Black.ttf in Resources */ = {isa = PBXBuildFile; fileRef = C11A938D2BEDEF6300D1CD54 /* Poppins-Black.ttf */; };
		C11A93902BEDF20500D1CD54 /* Poppins-BlackItalic.ttf in Resources */ = {isa = PBXBuildFile; fileRef = C11A93892BEDEF6200D1CD54 /* Poppins-BlackItalic.ttf */; };
		C11A93912BEDF20700D1CD54 /* Poppins-Bold.ttf in Resources */ = {isa = PBXBuildFile; fileRef = C11A93882BEDEF6200D1CD54 /* Poppins-Bold.ttf */; };
		C11A93922BEDF20A00D1CD54 /* Poppins-BoldItalic.ttf in Resources */ = {isa = PBXBuildFile; fileRef = C11A937F2BEDEF6100D1CD54 /* Poppins-BoldItalic.ttf */; };
		C11A93932BEDF20C00D1CD54 /* Poppins-ExtraBold.ttf in Resources */ = {isa = PBXBuildFile; fileRef = C11A93812BEDEF6100D1CD54 /* Poppins-ExtraBold.ttf */; };
		C11A93942BEDF20F00D1CD54 /* Poppins-ExtraBoldItalic.ttf in Resources */ = {isa = PBXBuildFile; fileRef = C11A93852BEDEF6200D1CD54 /* Poppins-ExtraBoldItalic.ttf */; };
		C11A93952BEDF21200D1CD54 /* Poppins-ExtraLight.ttf in Resources */ = {isa = PBXBuildFile; fileRef = C11A938C2BEDEF6200D1CD54 /* Poppins-ExtraLight.ttf */; };
		C11A93962BEDF21500D1CD54 /* Poppins-ExtraLightItalic.ttf in Resources */ = {isa = PBXBuildFile; fileRef = C11A93822BEDEF6200D1CD54 /* Poppins-ExtraLightItalic.ttf */; };
		C11A93972BEDF21800D1CD54 /* Poppins-Italic.ttf in Resources */ = {isa = PBXBuildFile; fileRef = C11A93802BEDEF6100D1CD54 /* Poppins-Italic.ttf */; };
		C11A93982BEDF21B00D1CD54 /* Poppins-Light.ttf in Resources */ = {isa = PBXBuildFile; fileRef = C11A937E2BEDEF6100D1CD54 /* Poppins-Light.ttf */; };
		C11A93992BEDF21E00D1CD54 /* Poppins-LightItalic.ttf in Resources */ = {isa = PBXBuildFile; fileRef = C11A938A2BEDEF6200D1CD54 /* Poppins-LightItalic.ttf */; };
		C11A939A2BEDF22100D1CD54 /* Poppins-Medium.ttf in Resources */ = {isa = PBXBuildFile; fileRef = C11A93842BEDEF6200D1CD54 /* Poppins-Medium.ttf */; };
		C11A939B2BEDF22500D1CD54 /* Poppins-MediumItalic.ttf in Resources */ = {isa = PBXBuildFile; fileRef = C11A938E2BEDEF6300D1CD54 /* Poppins-MediumItalic.ttf */; };
		C11A939C2BEDF22900D1CD54 /* Poppins-Regular.ttf in Resources */ = {isa = PBXBuildFile; fileRef = C11A93862BEDEF6200D1CD54 /* Poppins-Regular.ttf */; };
		C11A939D2BEDF22C00D1CD54 /* Poppins-SemiBold.ttf in Resources */ = {isa = PBXBuildFile; fileRef = C11A93832BEDEF6200D1CD54 /* Poppins-SemiBold.ttf */; };
		C11A939E2BEDF22F00D1CD54 /* Poppins-SemiBoldItalic.ttf in Resources */ = {isa = PBXBuildFile; fileRef = C11A93872BEDEF6200D1CD54 /* Poppins-SemiBoldItalic.ttf */; };
		C11A939F2BEDF23200D1CD54 /* Poppins-Thin.ttf in Resources */ = {isa = PBXBuildFile; fileRef = C11A938B2BEDEF6200D1CD54 /* Poppins-Thin.ttf */; };
		C11A93A02BEDF23500D1CD54 /* Poppins-ThinItalic.ttf in Resources */ = {isa = PBXBuildFile; fileRef = C11A937D2BEDEF6100D1CD54 /* Poppins-ThinItalic.ttf */; };
		C11B428826A3CB120030ED0A /* Assets.xcassets in Resources */ = {isa = PBXBuildFile; fileRef = C11B428726A3CB120030ED0A /* Assets.xcassets */; };
		C11B428B26A3CB120030ED0A /* Preview Assets.xcassets in Resources */ = {isa = PBXBuildFile; fileRef = C11B428A26A3CB120030ED0A /* Preview Assets.xcassets */; };
		C11B429626A3CB120030ED0A /* SeherTests.swift in Sources */ = {isa = PBXBuildFile; fileRef = C11B429526A3CB120030ED0A /* SeherTests.swift */; };
		C11B42A126A3CB130030ED0A /* SeherUITests.swift in Sources */ = {isa = PBXBuildFile; fileRef = C11B42A026A3CB130030ED0A /* SeherUITests.swift */; };
		C11B42B026A3CF210030ED0A /* NameRepository.swift in Sources */ = {isa = PBXBuildFile; fileRef = C11B42AF26A3CF210030ED0A /* NameRepository.swift */; };
		C11B42BC26A3CF4E0030ED0A /* RegisterView.swift in Sources */ = {isa = PBXBuildFile; fileRef = C11B42B426A3CF4E0030ED0A /* RegisterView.swift */; };
		C11B42BE26A3CF4E0030ED0A /* LoginView.swift in Sources */ = {isa = PBXBuildFile; fileRef = C11B42B626A3CF4E0030ED0A /* LoginView.swift */; };
		C11B42BF26A3CF4E0030ED0A /* HomeView.swift in Sources */ = {isa = PBXBuildFile; fileRef = C11B42B726A3CF4E0030ED0A /* HomeView.swift */; };
		C11B42C026A3CF4E0030ED0A /* ContentView.swift in Sources */ = {isa = PBXBuildFile; fileRef = C11B42B826A3CF4E0030ED0A /* ContentView.swift */; };
		C11B42C126A3CF4E0030ED0A /* NameView.swift in Sources */ = {isa = PBXBuildFile; fileRef = C11B42B926A3CF4E0030ED0A /* NameView.swift */; };
		C11B42CA26A3CF6E0030ED0A /* RegisterViewModel.swift in Sources */ = {isa = PBXBuildFile; fileRef = C11B42C626A3CF6E0030ED0A /* RegisterViewModel.swift */; };
		C11B42CC26A3CF6E0030ED0A /* LoginViewModel.swift in Sources */ = {isa = PBXBuildFile; fileRef = C11B42C826A3CF6E0030ED0A /* LoginViewModel.swift */; };
		C11B42D026A3CF8C0030ED0A /* ColorManager.swift in Sources */ = {isa = PBXBuildFile; fileRef = C11B42CF26A3CF8C0030ED0A /* ColorManager.swift */; };
		C11B42D426A3CFA30030ED0A /* GoogleService-Info.plist in Resources */ = {isa = PBXBuildFile; fileRef = C11B42D326A3CFA30030ED0A /* GoogleService-Info.plist */; };
		C11B42D626A3CFAC0030ED0A /* Colors.xcassets in Resources */ = {isa = PBXBuildFile; fileRef = C11B42D526A3CFAC0030ED0A /* Colors.xcassets */; };
		C11B42D826A3CFB80030ED0A /* Launch Screen.storyboard in Resources */ = {isa = PBXBuildFile; fileRef = C11B42D726A3CFB80030ED0A /* Launch Screen.storyboard */; };
		C126809B2BB5E3DD0025F5F4 /* ChatService.swift in Sources */ = {isa = PBXBuildFile; fileRef = C126809A2BB5E3DD0025F5F4 /* ChatService.swift */; };
		C128099E2BFAB0BF00A27A92 /* Alamofire in Frameworks */ = {isa = PBXBuildFile; productRef = C128099D2BFAB0BF00A27A92 /* Alamofire */; };
		C12809A32BFAB67A00A27A92 /* Auth in Frameworks */ = {isa = PBXBuildFile; productRef = C12809A22BFAB67A00A27A92 /* Auth */; };
		C12809A52BFAB67A00A27A92 /* Functions in Frameworks */ = {isa = PBXBuildFile; productRef = C12809A42BFAB67A00A27A92 /* Functions */; };
		C12809A72BFAB67A00A27A92 /* PostgREST in Frameworks */ = {isa = PBXBuildFile; productRef = C12809A62BFAB67A00A27A92 /* PostgREST */; };
		C12809A92BFAB67A00A27A92 /* Realtime in Frameworks */ = {isa = PBXBuildFile; productRef = C12809A82BFAB67A00A27A92 /* Realtime */; };
		C12809AB2BFAB67A00A27A92 /* Storage in Frameworks */ = {isa = PBXBuildFile; productRef = C12809AA2BFAB67A00A27A92 /* Storage */; };
		C12809AE2BFAB80700A27A92 /* FirebaseAnalytics in Frameworks */ = {isa = PBXBuildFile; productRef = C12809AD2BFAB80700A27A92 /* FirebaseAnalytics */; };
		C12809B02BFAB80700A27A92 /* FirebaseAnalyticsOnDeviceConversion in Frameworks */ = {isa = PBXBuildFile; productRef = C12809AF2BFAB80700A27A92 /* FirebaseAnalyticsOnDeviceConversion */; };
		C12809B22BFAB80700A27A92 /* FirebaseAnalyticsSwift in Frameworks */ = {isa = PBXBuildFile; productRef = C12809B12BFAB80700A27A92 /* FirebaseAnalyticsSwift */; };
		C12809B42BFAB80700A27A92 /* FirebaseAnalyticsWithoutAdIdSupport in Frameworks */ = {isa = PBXBuildFile; productRef = C12809B32BFAB80700A27A92 /* FirebaseAnalyticsWithoutAdIdSupport */; };
		C12809B62BFAB80700A27A92 /* FirebaseAppCheck in Frameworks */ = {isa = PBXBuildFile; productRef = C12809B52BFAB80700A27A92 /* FirebaseAppCheck */; };
		C1425C0E29F426730016917A /* Lottie in Frameworks */ = {isa = PBXBuildFile; productRef = C1425C0D29F426730016917A /* Lottie */; };
		C14F25C329D94FD500F59D64 /* ChatView.swift in Sources */ = {isa = PBXBuildFile; fileRef = C14F25C229D94FD500F59D64 /* ChatView.swift */; };
		C14F25C529D9550A00F59D64 /* ChatBubble.swift in Sources */ = {isa = PBXBuildFile; fileRef = C14F25C429D9550A00F59D64 /* ChatBubble.swift */; };
		C14F25C729D9553500F59D64 /* ChatMessage.swift in Sources */ = {isa = PBXBuildFile; fileRef = C14F25C629D9553500F59D64 /* ChatMessage.swift */; };
		C14F25C929D9555600F59D64 /* ChatRow.swift in Sources */ = {isa = PBXBuildFile; fileRef = C14F25C829D9555600F59D64 /* ChatRow.swift */; };
		C16FC36F2AD3491900234C6C /* catSleeping.json in Resources */ = {isa = PBXBuildFile; fileRef = C16FC36E2AD3491900234C6C /* catSleeping.json */; };
		C16FC3722AD3499900234C6C /* catHeart.json in Resources */ = {isa = PBXBuildFile; fileRef = C16FC3712AD3499900234C6C /* catHeart.json */; };
		C16FC3742AD34A0800234C6C /* catIdle.json in Resources */ = {isa = PBXBuildFile; fileRef = C16FC3732AD34A0800234C6C /* catIdle.json */; };
		C16FC3762AD34A2800234C6C /* catHeadshake.json in Resources */ = {isa = PBXBuildFile; fileRef = C16FC3752AD34A2800234C6C /* catHeadshake.json */; };
		C16FC37B2AD44E2400234C6C /* TaskViewModel.swift in Sources */ = {isa = PBXBuildFile; fileRef = C16FC37A2AD44E2400234C6C /* TaskViewModel.swift */; };
		C16FC37D2AD44E8C00234C6C /* TaskCellViewModel.swift in Sources */ = {isa = PBXBuildFile; fileRef = C16FC37C2AD44E8C00234C6C /* TaskCellViewModel.swift */; };
		C16FC37F2AD4879800234C6C /* TaskCell.swift in Sources */ = {isa = PBXBuildFile; fileRef = C16FC37E2AD4879800234C6C /* TaskCell.swift */; };
		C16FC3812AD5B2AA00234C6C /* ChatViewModel.swift in Sources */ = {isa = PBXBuildFile; fileRef = C16FC3802AD5B2AA00234C6C /* ChatViewModel.swift */; };
		C16FC38E2AD82F6C00234C6C /* LottieView.swift in Sources */ = {isa = PBXBuildFile; fileRef = C16FC38D2AD82F6C00234C6C /* LottieView.swift */; };
		C16FC3932AD87F7600234C6C /* TypingIndicator.swift in Sources */ = {isa = PBXBuildFile; fileRef = C16FC3922AD87F7600234C6C /* TypingIndicator.swift */; };
		C18584B32BFAC1680037A5EE /* Supabase in Frameworks */ = {isa = PBXBuildFile; productRef = C18584B22BFAC1680037A5EE /* Supabase */; };
		C18584B72BFAC1680037A5EE /* FirebaseAuth in Frameworks */ = {isa = PBXBuildFile; productRef = C18584B62BFAC1680037A5EE /* FirebaseAuth */; };
		C18584B92BFAC1680037A5EE /* FirebaseAuthCombine-Community in Frameworks */ = {isa = PBXBuildFile; productRef = C18584B82BFAC1680037A5EE /* FirebaseAuthCombine-Community */; };
		C18584BB2BFAC1680037A5EE /* FirebaseCrashlytics in Frameworks */ = {isa = PBXBuildFile; productRef = C18584BA2BFAC1680037A5EE /* FirebaseCrashlytics */; };
		C18584C32BFAC1680037A5EE /* FirebaseFirestore in Frameworks */ = {isa = PBXBuildFile; productRef = C18584C22BFAC1680037A5EE /* FirebaseFirestore */; };
		C18584C52BFAC1680037A5EE /* FirebaseFirestoreCombine-Community in Frameworks */ = {isa = PBXBuildFile; productRef = C18584C42BFAC1680037A5EE /* FirebaseFirestoreCombine-Community */; };
		C18584C72BFAC1680037A5EE /* FirebaseFirestoreSwift in Frameworks */ = {isa = PBXBuildFile; productRef = C18584C62BFAC1680037A5EE /* FirebaseFirestoreSwift */; };
		C18584CB2BFAC1680037A5EE /* FirebaseFunctionsCombine-Community in Frameworks */ = {isa = PBXBuildFile; productRef = C18584CA2BFAC1680037A5EE /* FirebaseFunctionsCombine-Community */; };
		C18584D92BFAC1680037A5EE /* FirebaseRemoteConfig in Frameworks */ = {isa = PBXBuildFile; productRef = C18584D82BFAC1680037A5EE /* FirebaseRemoteConfig */; };
		C18584DB2BFAC1680037A5EE /* FirebaseRemoteConfigSwift in Frameworks */ = {isa = PBXBuildFile; productRef = C18584DA2BFAC1680037A5EE /* FirebaseRemoteConfigSwift */; };
		C18584DF2BFAC1680037A5EE /* FirebaseStorageCombine-Community in Frameworks */ = {isa = PBXBuildFile; productRef = C18584DE2BFAC1680037A5EE /* FirebaseStorageCombine-Community */; };
		C18584E52BFD3E700037A5EE /* Swinject in Frameworks */ = {isa = PBXBuildFile; productRef = C18584E42BFD3E700037A5EE /* Swinject */; };
		C18584F52BFE2D7D0037A5EE /* SupabaseClientProvider.swift in Sources */ = {isa = PBXBuildFile; fileRef = C18584F42BFE2D7C0037A5EE /* SupabaseClientProvider.swift */; };
		C18584F82BFE39050037A5EE /* AsyncButton.swift in Sources */ = {isa = PBXBuildFile; fileRef = C18584F72BFE39050037A5EE /* AsyncButton.swift */; };
		C18584FA2BFEA2FD0037A5EE /* CalendarHeader.swift in Sources */ = {isa = PBXBuildFile; fileRef = C18584F92BFEA2FD0037A5EE /* CalendarHeader.swift */; };
		C18584FC2BFEA3C20037A5EE /* DateExtensions.swift in Sources */ = {isa = PBXBuildFile; fileRef = C18584FB2BFEA3C10037A5EE /* DateExtensions.swift */; };
		C18584FE2BFEAF110037A5EE /* ViewExtensions.swift in Sources */ = {isa = PBXBuildFile; fileRef = C18584FD2BFEAF110037A5EE /* ViewExtensions.swift */; };
		C18585002BFEB9390037A5EE /* OffsetKey.swift in Sources */ = {isa = PBXBuildFile; fileRef = C18584FF2BFEB9390037A5EE /* OffsetKey.swift */; };
		C1FB6A9A2BFF519700418018 /* TaskRowView.swift in Sources */ = {isa = PBXBuildFile; fileRef = C1FB6A992BFF519700418018 /* TaskRowView.swift */; };
		C1FB6A9C2BFFDF7600418018 /* NewTaskView.swift in Sources */ = {isa = PBXBuildFile; fileRef = C1FB6A9B2BFFDF7600418018 /* NewTaskView.swift */; };
		C1FB6A9E2BFFFADE00418018 /* TasksList.swift in Sources */ = {isa = PBXBuildFile; fileRef = C1FB6A9D2BFFFADE00418018 /* TasksList.swift */; };
		C1FB6AA62C01428F00418018 /* SeherApp.swift in Sources */ = {isa = PBXBuildFile; fileRef = C1FB6AA52C01428F00418018 /* SeherApp.swift */; };
		C1FB6AA82C0142F500418018 /* PersistenceController.swift in Sources */ = {isa = PBXBuildFile; fileRef = C1FB6AA72C0142F500418018 /* PersistenceController.swift */; };
/* End PBXBuildFile section */

/* Begin PBXContainerItemProxy section */
		C11B429226A3CB120030ED0A /* PBXContainerItemProxy */ = {
			isa = PBXContainerItemProxy;
			containerPortal = C11B427826A3CB0F0030ED0A /* Project object */;
			proxyType = 1;
			remoteGlobalIDString = C11B427F26A3CB0F0030ED0A;
			remoteInfo = Tomo;
		};
		C11B429D26A3CB130030ED0A /* PBXContainerItemProxy */ = {
			isa = PBXContainerItemProxy;
			containerPortal = C11B427826A3CB0F0030ED0A /* Project object */;
			proxyType = 1;
			remoteGlobalIDString = C11B427F26A3CB0F0030ED0A;
			remoteInfo = Tomo;
		};
/* End PBXContainerItemProxy section */

/* Begin PBXFileReference section */
		C10D2C342ACC1BB4003DE05B /* TaskView.swift */ = {isa = PBXFileReference; lastKnownFileType = sourcecode.swift; path = TaskView.swift; sourceTree = "<group>"; };
		C10D2C362ACC1BD9003DE05B /* TaskRepository.swift */ = {isa = PBXFileReference; lastKnownFileType = sourcecode.swift; path = TaskRepository.swift; sourceTree = "<group>"; };
		C10D2C392ACC1E61003DE05B /* TaskItem.swift */ = {isa = PBXFileReference; lastKnownFileType = sourcecode.swift; path = TaskItem.swift; sourceTree = "<group>"; };
		C116657A27D0BDF600F9E9DE /* NameViewModel.swift */ = {isa = PBXFileReference; lastKnownFileType = sourcecode.swift; path = NameViewModel.swift; sourceTree = "<group>"; };
		C11A937D2BEDEF6100D1CD54 /* Poppins-ThinItalic.ttf */ = {isa = PBXFileReference; lastKnownFileType = file; path = "Poppins-ThinItalic.ttf"; sourceTree = "<group>"; };
		C11A937E2BEDEF6100D1CD54 /* Poppins-Light.ttf */ = {isa = PBXFileReference; lastKnownFileType = file; path = "Poppins-Light.ttf"; sourceTree = "<group>"; };
		C11A937F2BEDEF6100D1CD54 /* Poppins-BoldItalic.ttf */ = {isa = PBXFileReference; lastKnownFileType = file; path = "Poppins-BoldItalic.ttf"; sourceTree = "<group>"; };
		C11A93802BEDEF6100D1CD54 /* Poppins-Italic.ttf */ = {isa = PBXFileReference; lastKnownFileType = file; path = "Poppins-Italic.ttf"; sourceTree = "<group>"; };
		C11A93812BEDEF6100D1CD54 /* Poppins-ExtraBold.ttf */ = {isa = PBXFileReference; lastKnownFileType = file; path = "Poppins-ExtraBold.ttf"; sourceTree = "<group>"; };
		C11A93822BEDEF6200D1CD54 /* Poppins-ExtraLightItalic.ttf */ = {isa = PBXFileReference; lastKnownFileType = file; path = "Poppins-ExtraLightItalic.ttf"; sourceTree = "<group>"; };
		C11A93832BEDEF6200D1CD54 /* Poppins-SemiBold.ttf */ = {isa = PBXFileReference; lastKnownFileType = file; path = "Poppins-SemiBold.ttf"; sourceTree = "<group>"; };
		C11A93842BEDEF6200D1CD54 /* Poppins-Medium.ttf */ = {isa = PBXFileReference; lastKnownFileType = file; path = "Poppins-Medium.ttf"; sourceTree = "<group>"; };
		C11A93852BEDEF6200D1CD54 /* Poppins-ExtraBoldItalic.ttf */ = {isa = PBXFileReference; lastKnownFileType = file; path = "Poppins-ExtraBoldItalic.ttf"; sourceTree = "<group>"; };
		C11A93862BEDEF6200D1CD54 /* Poppins-Regular.ttf */ = {isa = PBXFileReference; lastKnownFileType = file; path = "Poppins-Regular.ttf"; sourceTree = "<group>"; };
		C11A93872BEDEF6200D1CD54 /* Poppins-SemiBoldItalic.ttf */ = {isa = PBXFileReference; lastKnownFileType = file; path = "Poppins-SemiBoldItalic.ttf"; sourceTree = "<group>"; };
		C11A93882BEDEF6200D1CD54 /* Poppins-Bold.ttf */ = {isa = PBXFileReference; lastKnownFileType = file; path = "Poppins-Bold.ttf"; sourceTree = "<group>"; };
		C11A93892BEDEF6200D1CD54 /* Poppins-BlackItalic.ttf */ = {isa = PBXFileReference; lastKnownFileType = file; path = "Poppins-BlackItalic.ttf"; sourceTree = "<group>"; };
		C11A938A2BEDEF6200D1CD54 /* Poppins-LightItalic.ttf */ = {isa = PBXFileReference; lastKnownFileType = file; path = "Poppins-LightItalic.ttf"; sourceTree = "<group>"; };
		C11A938B2BEDEF6200D1CD54 /* Poppins-Thin.ttf */ = {isa = PBXFileReference; lastKnownFileType = file; path = "Poppins-Thin.ttf"; sourceTree = "<group>"; };
		C11A938C2BEDEF6200D1CD54 /* Poppins-ExtraLight.ttf */ = {isa = PBXFileReference; lastKnownFileType = file; path = "Poppins-ExtraLight.ttf"; sourceTree = "<group>"; };
		C11A938D2BEDEF6300D1CD54 /* Poppins-Black.ttf */ = {isa = PBXFileReference; lastKnownFileType = file; path = "Poppins-Black.ttf"; sourceTree = "<group>"; };
		C11A938E2BEDEF6300D1CD54 /* Poppins-MediumItalic.ttf */ = {isa = PBXFileReference; lastKnownFileType = file; path = "Poppins-MediumItalic.ttf"; sourceTree = "<group>"; };
		C11B428026A3CB0F0030ED0A /* Seher.app */ = {isa = PBXFileReference; explicitFileType = wrapper.application; includeInIndex = 0; path = Seher.app; sourceTree = BUILT_PRODUCTS_DIR; };
		C11B428726A3CB120030ED0A /* Assets.xcassets */ = {isa = PBXFileReference; lastKnownFileType = folder.assetcatalog; path = Assets.xcassets; sourceTree = "<group>"; };
		C11B428A26A3CB120030ED0A /* Preview Assets.xcassets */ = {isa = PBXFileReference; lastKnownFileType = folder.assetcatalog; path = "Preview Assets.xcassets"; sourceTree = "<group>"; };
		C11B428C26A3CB120030ED0A /* Info.plist */ = {isa = PBXFileReference; lastKnownFileType = text.plist.xml; path = Info.plist; sourceTree = "<group>"; };
		C11B429126A3CB120030ED0A /* SeherTests.xctest */ = {isa = PBXFileReference; explicitFileType = wrapper.cfbundle; includeInIndex = 0; path = SeherTests.xctest; sourceTree = BUILT_PRODUCTS_DIR; };
		C11B429526A3CB120030ED0A /* SeherTests.swift */ = {isa = PBXFileReference; lastKnownFileType = sourcecode.swift; path = SeherTests.swift; sourceTree = "<group>"; };
		C11B429726A3CB120030ED0A /* Info.plist */ = {isa = PBXFileReference; lastKnownFileType = text.plist.xml; path = Info.plist; sourceTree = "<group>"; };
		C11B429C26A3CB130030ED0A /* SeherUITests.xctest */ = {isa = PBXFileReference; explicitFileType = wrapper.cfbundle; includeInIndex = 0; path = SeherUITests.xctest; sourceTree = BUILT_PRODUCTS_DIR; };
		C11B42A026A3CB130030ED0A /* SeherUITests.swift */ = {isa = PBXFileReference; lastKnownFileType = sourcecode.swift; path = SeherUITests.swift; sourceTree = "<group>"; };
		C11B42A226A3CB130030ED0A /* Info.plist */ = {isa = PBXFileReference; lastKnownFileType = text.plist.xml; path = Info.plist; sourceTree = "<group>"; };
		C11B42AF26A3CF210030ED0A /* NameRepository.swift */ = {isa = PBXFileReference; fileEncoding = 4; lastKnownFileType = sourcecode.swift; path = NameRepository.swift; sourceTree = "<group>"; };
		C11B42B426A3CF4E0030ED0A /* RegisterView.swift */ = {isa = PBXFileReference; fileEncoding = 4; lastKnownFileType = sourcecode.swift; path = RegisterView.swift; sourceTree = "<group>"; };
		C11B42B626A3CF4E0030ED0A /* LoginView.swift */ = {isa = PBXFileReference; fileEncoding = 4; lastKnownFileType = sourcecode.swift; path = LoginView.swift; sourceTree = "<group>"; };
		C11B42B726A3CF4E0030ED0A /* HomeView.swift */ = {isa = PBXFileReference; fileEncoding = 4; lastKnownFileType = sourcecode.swift; path = HomeView.swift; sourceTree = "<group>"; };
		C11B42B826A3CF4E0030ED0A /* ContentView.swift */ = {isa = PBXFileReference; fileEncoding = 4; lastKnownFileType = sourcecode.swift; path = ContentView.swift; sourceTree = "<group>"; };
		C11B42B926A3CF4E0030ED0A /* NameView.swift */ = {isa = PBXFileReference; fileEncoding = 4; lastKnownFileType = sourcecode.swift; path = NameView.swift; sourceTree = "<group>"; };
		C11B42C626A3CF6E0030ED0A /* RegisterViewModel.swift */ = {isa = PBXFileReference; fileEncoding = 4; lastKnownFileType = sourcecode.swift; path = RegisterViewModel.swift; sourceTree = "<group>"; };
		C11B42C826A3CF6E0030ED0A /* LoginViewModel.swift */ = {isa = PBXFileReference; fileEncoding = 4; lastKnownFileType = sourcecode.swift; path = LoginViewModel.swift; sourceTree = "<group>"; };
		C11B42CF26A3CF8C0030ED0A /* ColorManager.swift */ = {isa = PBXFileReference; fileEncoding = 4; lastKnownFileType = sourcecode.swift; path = ColorManager.swift; sourceTree = "<group>"; };
		C11B42D326A3CFA30030ED0A /* GoogleService-Info.plist */ = {isa = PBXFileReference; fileEncoding = 4; lastKnownFileType = text.plist.xml; path = "GoogleService-Info.plist"; sourceTree = "<group>"; };
		C11B42D526A3CFAC0030ED0A /* Colors.xcassets */ = {isa = PBXFileReference; lastKnownFileType = folder.assetcatalog; path = Colors.xcassets; sourceTree = "<group>"; };
		C11B42D726A3CFB80030ED0A /* Launch Screen.storyboard */ = {isa = PBXFileReference; fileEncoding = 4; lastKnownFileType = file.storyboard; path = "Launch Screen.storyboard"; sourceTree = "<group>"; };
		C126809A2BB5E3DD0025F5F4 /* ChatService.swift */ = {isa = PBXFileReference; lastKnownFileType = sourcecode.swift; path = ChatService.swift; sourceTree = "<group>"; };
		C14F25C229D94FD500F59D64 /* ChatView.swift */ = {isa = PBXFileReference; lastKnownFileType = sourcecode.swift; path = ChatView.swift; sourceTree = "<group>"; };
		C14F25C429D9550A00F59D64 /* ChatBubble.swift */ = {isa = PBXFileReference; lastKnownFileType = sourcecode.swift; path = ChatBubble.swift; sourceTree = "<group>"; };
		C14F25C629D9553500F59D64 /* ChatMessage.swift */ = {isa = PBXFileReference; lastKnownFileType = sourcecode.swift; path = ChatMessage.swift; sourceTree = "<group>"; };
		C14F25C829D9555600F59D64 /* ChatRow.swift */ = {isa = PBXFileReference; lastKnownFileType = sourcecode.swift; path = ChatRow.swift; sourceTree = "<group>"; };
		C16FC36E2AD3491900234C6C /* catSleeping.json */ = {isa = PBXFileReference; fileEncoding = 4; lastKnownFileType = text.json; path = catSleeping.json; sourceTree = "<group>"; };
		C16FC3712AD3499900234C6C /* catHeart.json */ = {isa = PBXFileReference; fileEncoding = 4; lastKnownFileType = text.json; path = catHeart.json; sourceTree = "<group>"; };
		C16FC3732AD34A0800234C6C /* catIdle.json */ = {isa = PBXFileReference; fileEncoding = 4; lastKnownFileType = text.json; path = catIdle.json; sourceTree = "<group>"; };
		C16FC3752AD34A2800234C6C /* catHeadshake.json */ = {isa = PBXFileReference; fileEncoding = 4; lastKnownFileType = text.json; path = catHeadshake.json; sourceTree = "<group>"; };
		C16FC37A2AD44E2400234C6C /* TaskViewModel.swift */ = {isa = PBXFileReference; lastKnownFileType = sourcecode.swift; path = TaskViewModel.swift; sourceTree = "<group>"; };
		C16FC37C2AD44E8C00234C6C /* TaskCellViewModel.swift */ = {isa = PBXFileReference; lastKnownFileType = sourcecode.swift; path = TaskCellViewModel.swift; sourceTree = "<group>"; };
		C16FC37E2AD4879800234C6C /* TaskCell.swift */ = {isa = PBXFileReference; lastKnownFileType = sourcecode.swift; path = TaskCell.swift; sourceTree = "<group>"; };
		C16FC3802AD5B2AA00234C6C /* ChatViewModel.swift */ = {isa = PBXFileReference; lastKnownFileType = sourcecode.swift; path = ChatViewModel.swift; sourceTree = "<group>"; };
		C16FC38D2AD82F6C00234C6C /* LottieView.swift */ = {isa = PBXFileReference; lastKnownFileType = sourcecode.swift; path = LottieView.swift; sourceTree = "<group>"; };
		C16FC3922AD87F7600234C6C /* TypingIndicator.swift */ = {isa = PBXFileReference; lastKnownFileType = sourcecode.swift; path = TypingIndicator.swift; sourceTree = "<group>"; };
		C18584E22BFB3A410037A5EE /* Config.xcconfig */ = {isa = PBXFileReference; lastKnownFileType = text.xcconfig; path = Config.xcconfig; sourceTree = "<group>"; };
		C18584F42BFE2D7C0037A5EE /* SupabaseClientProvider.swift */ = {isa = PBXFileReference; lastKnownFileType = sourcecode.swift; path = SupabaseClientProvider.swift; sourceTree = "<group>"; };
		C18584F72BFE39050037A5EE /* AsyncButton.swift */ = {isa = PBXFileReference; lastKnownFileType = sourcecode.swift; path = AsyncButton.swift; sourceTree = "<group>"; };
		C18584F92BFEA2FD0037A5EE /* CalendarHeader.swift */ = {isa = PBXFileReference; lastKnownFileType = sourcecode.swift; path = CalendarHeader.swift; sourceTree = "<group>"; };
		C18584FB2BFEA3C10037A5EE /* DateExtensions.swift */ = {isa = PBXFileReference; lastKnownFileType = sourcecode.swift; path = DateExtensions.swift; sourceTree = "<group>"; };
		C18584FD2BFEAF110037A5EE /* ViewExtensions.swift */ = {isa = PBXFileReference; lastKnownFileType = sourcecode.swift; path = ViewExtensions.swift; sourceTree = "<group>"; };
		C18584FF2BFEB9390037A5EE /* OffsetKey.swift */ = {isa = PBXFileReference; lastKnownFileType = sourcecode.swift; path = OffsetKey.swift; sourceTree = "<group>"; };
		C1FB6A992BFF519700418018 /* TaskRowView.swift */ = {isa = PBXFileReference; lastKnownFileType = sourcecode.swift; path = TaskRowView.swift; sourceTree = "<group>"; };
		C1FB6A9B2BFFDF7600418018 /* NewTaskView.swift */ = {isa = PBXFileReference; lastKnownFileType = sourcecode.swift; path = NewTaskView.swift; sourceTree = "<group>"; };
		C1FB6A9D2BFFFADE00418018 /* TasksList.swift */ = {isa = PBXFileReference; lastKnownFileType = sourcecode.swift; path = TasksList.swift; sourceTree = "<group>"; };
		C1FB6AA52C01428F00418018 /* SeherApp.swift */ = {isa = PBXFileReference; lastKnownFileType = sourcecode.swift; path = SeherApp.swift; sourceTree = "<group>"; };
		C1FB6AA72C0142F500418018 /* PersistenceController.swift */ = {isa = PBXFileReference; lastKnownFileType = sourcecode.swift; path = PersistenceController.swift; sourceTree = "<group>"; };
/* End PBXFileReference section */

/* Begin PBXFrameworksBuildPhase section */
		C11B427D26A3CB0F0030ED0A /* Frameworks */ = {
			isa = PBXFrameworksBuildPhase;
			buildActionMask = 2147483647;
			files = (
				C12809B42BFAB80700A27A92 /* FirebaseAnalyticsWithoutAdIdSupport in Frameworks */,
				C18584B92BFAC1680037A5EE /* FirebaseAuthCombine-Community in Frameworks */,
				C12809B22BFAB80700A27A92 /* FirebaseAnalyticsSwift in Frameworks */,
				C18584C72BFAC1680037A5EE /* FirebaseFirestoreSwift in Frameworks */,
				C18584B72BFAC1680037A5EE /* FirebaseAuth in Frameworks */,
				C12809A52BFAB67A00A27A92 /* Functions in Frameworks */,
				C128099E2BFAB0BF00A27A92 /* Alamofire in Frameworks */,
				C12809B62BFAB80700A27A92 /* FirebaseAppCheck in Frameworks */,
				C18584C52BFAC1680037A5EE /* FirebaseFirestoreCombine-Community in Frameworks */,
				C18584B32BFAC1680037A5EE /* Supabase in Frameworks */,
				C12809B02BFAB80700A27A92 /* FirebaseAnalyticsOnDeviceConversion in Frameworks */,
				C18584DB2BFAC1680037A5EE /* FirebaseRemoteConfigSwift in Frameworks */,
				C18584D92BFAC1680037A5EE /* FirebaseRemoteConfig in Frameworks */,
				C18584DF2BFAC1680037A5EE /* FirebaseStorageCombine-Community in Frameworks */,
				C12809A72BFAB67A00A27A92 /* PostgREST in Frameworks */,
				C12809A92BFAB67A00A27A92 /* Realtime in Frameworks */,
				C18584C32BFAC1680037A5EE /* FirebaseFirestore in Frameworks */,
				C18584CB2BFAC1680037A5EE /* FirebaseFunctionsCombine-Community in Frameworks */,
				C1425C0E29F426730016917A /* Lottie in Frameworks */,
				C18584BB2BFAC1680037A5EE /* FirebaseCrashlytics in Frameworks */,
				C12809AB2BFAB67A00A27A92 /* Storage in Frameworks */,
				C12809A32BFAB67A00A27A92 /* Auth in Frameworks */,
				C12809AE2BFAB80700A27A92 /* FirebaseAnalytics in Frameworks */,
				C18584E52BFD3E700037A5EE /* Swinject in Frameworks */,
			);
			runOnlyForDeploymentPostprocessing = 0;
		};
		C11B428E26A3CB120030ED0A /* Frameworks */ = {
			isa = PBXFrameworksBuildPhase;
			buildActionMask = 2147483647;
			files = (
			);
			runOnlyForDeploymentPostprocessing = 0;
		};
		C11B429926A3CB130030ED0A /* Frameworks */ = {
			isa = PBXFrameworksBuildPhase;
			buildActionMask = 2147483647;
			files = (
			);
			runOnlyForDeploymentPostprocessing = 0;
		};
/* End PBXFrameworksBuildPhase section */

/* Begin PBXGroup section */
		C10D2C312ACC1A1D003DE05B /* auth */ = {
			isa = PBXGroup;
			children = (
				C11B42B626A3CF4E0030ED0A /* LoginView.swift */,
				C11B42B426A3CF4E0030ED0A /* RegisterView.swift */,
			);
			path = auth;
			sourceTree = "<group>";
		};
		C10D2C322ACC1A44003DE05B /* chat */ = {
			isa = PBXGroup;
			children = (
				C14F25C229D94FD500F59D64 /* ChatView.swift */,
				C14F25C429D9550A00F59D64 /* ChatBubble.swift */,
				C14F25C829D9555600F59D64 /* ChatRow.swift */,
				C16FC3922AD87F7600234C6C /* TypingIndicator.swift */,
			);
			path = chat;
			sourceTree = "<group>";
		};
		C10D2C382ACC1D30003DE05B /* model */ = {
			isa = PBXGroup;
			children = (
				C14F25C629D9553500F59D64 /* ChatMessage.swift */,
				C10D2C392ACC1E61003DE05B /* TaskItem.swift */,
				C18584FB2BFEA3C10037A5EE /* DateExtensions.swift */,
			);
			path = model;
			sourceTree = "<group>";
		};
		C11B427726A3CB0F0030ED0A = {
			isa = PBXGroup;
			children = (
				C11B428226A3CB0F0030ED0A /* Seher */,
				C11B429426A3CB120030ED0A /* SeherTests */,
				C11B429F26A3CB130030ED0A /* SeherUITests */,
				C11B428126A3CB0F0030ED0A /* Products */,
			);
			sourceTree = "<group>";
		};
		C11B428126A3CB0F0030ED0A /* Products */ = {
			isa = PBXGroup;
			children = (
				C11B428026A3CB0F0030ED0A /* Seher.app */,
				C11B429126A3CB120030ED0A /* SeherTests.xctest */,
				C11B429C26A3CB130030ED0A /* SeherUITests.xctest */,
			);
			name = Products;
			sourceTree = "<group>";
		};
		C11B428226A3CB0F0030ED0A /* Seher */ = {
			isa = PBXGroup;
			children = (
				C1FB6A9F2C01309F00418018 /* data */,
				C18584F62BFE38F50037A5EE /* helpers */,
				C18584E62BFD3EB40037A5EE /* supabase */,
				C12680992BB5E3C80025F5F4 /* service */,
				C11B42D926A3D3B60030ED0A /* resources */,
				C11B42D726A3CFB80030ED0A /* Launch Screen.storyboard */,
				C11B42CF26A3CF8C0030ED0A /* ColorManager.swift */,
				C11B42C426A3CF5E0030ED0A /* viewmodel */,
				C11B42B326A3CF350030ED0A /* view */,
				C11B42AE26A3CEA80030ED0A /* repository */,
				C11B428726A3CB120030ED0A /* Assets.xcassets */,
				C11B42D526A3CFAC0030ED0A /* Colors.xcassets */,
				C11B428C26A3CB120030ED0A /* Info.plist */,
				C11B42D326A3CFA30030ED0A /* GoogleService-Info.plist */,
				C11B428926A3CB120030ED0A /* Preview Content */,
				C18584E22BFB3A410037A5EE /* Config.xcconfig */,
				C1FB6AA52C01428F00418018 /* SeherApp.swift */,
			);
			path = Seher;
			sourceTree = "<group>";
		};
		C11B428926A3CB120030ED0A /* Preview Content */ = {
			isa = PBXGroup;
			children = (
				C11B428A26A3CB120030ED0A /* Preview Assets.xcassets */,
			);
			path = "Preview Content";
			sourceTree = "<group>";
		};
		C11B429426A3CB120030ED0A /* SeherTests */ = {
			isa = PBXGroup;
			children = (
				C11B429526A3CB120030ED0A /* SeherTests.swift */,
				C11B429726A3CB120030ED0A /* Info.plist */,
			);
			path = SeherTests;
			sourceTree = "<group>";
		};
		C11B429F26A3CB130030ED0A /* SeherUITests */ = {
			isa = PBXGroup;
			children = (
				C11B42A026A3CB130030ED0A /* SeherUITests.swift */,
				C11B42A226A3CB130030ED0A /* Info.plist */,
			);
			path = SeherUITests;
			sourceTree = "<group>";
		};
		C11B42AE26A3CEA80030ED0A /* repository */ = {
			isa = PBXGroup;
			children = (
				C11B42AF26A3CF210030ED0A /* NameRepository.swift */,
				C10D2C362ACC1BD9003DE05B /* TaskRepository.swift */,
			);
			path = repository;
			sourceTree = "<group>";
		};
		C11B42B326A3CF350030ED0A /* view */ = {
			isa = PBXGroup;
			children = (
				C16FC38C2AD82F5A00234C6C /* character */,
				C16FC3772AD373EB00234C6C /* task */,
				C10D2C322ACC1A44003DE05B /* chat */,
				C10D2C312ACC1A1D003DE05B /* auth */,
				C11B42B826A3CF4E0030ED0A /* ContentView.swift */,
				C11B42B726A3CF4E0030ED0A /* HomeView.swift */,
				C11B42B926A3CF4E0030ED0A /* NameView.swift */,
			);
			path = view;
			sourceTree = "<group>";
		};
		C11B42C426A3CF5E0030ED0A /* viewmodel */ = {
			isa = PBXGroup;
			children = (
				C11B42C826A3CF6E0030ED0A /* LoginViewModel.swift */,
				C11B42C626A3CF6E0030ED0A /* RegisterViewModel.swift */,
				C116657A27D0BDF600F9E9DE /* NameViewModel.swift */,
				C16FC37A2AD44E2400234C6C /* TaskViewModel.swift */,
				C16FC37C2AD44E8C00234C6C /* TaskCellViewModel.swift */,
				C16FC3802AD5B2AA00234C6C /* ChatViewModel.swift */,
			);
			path = viewmodel;
			sourceTree = "<group>";
		};
		C11B42D926A3D3B60030ED0A /* resources */ = {
			isa = PBXGroup;
			children = (
				C16FC3702AD3491F00234C6C /* animation */,
				C11B42DA26A3D3C40030ED0A /* fonts */,
			);
			path = resources;
			sourceTree = "<group>";
		};
		C11B42DA26A3D3C40030ED0A /* fonts */ = {
			isa = PBXGroup;
			children = (
				C11A938D2BEDEF6300D1CD54 /* Poppins-Black.ttf */,
				C11A93892BEDEF6200D1CD54 /* Poppins-BlackItalic.ttf */,
				C11A93882BEDEF6200D1CD54 /* Poppins-Bold.ttf */,
				C11A937F2BEDEF6100D1CD54 /* Poppins-BoldItalic.ttf */,
				C11A93812BEDEF6100D1CD54 /* Poppins-ExtraBold.ttf */,
				C11A93852BEDEF6200D1CD54 /* Poppins-ExtraBoldItalic.ttf */,
				C11A938C2BEDEF6200D1CD54 /* Poppins-ExtraLight.ttf */,
				C11A93822BEDEF6200D1CD54 /* Poppins-ExtraLightItalic.ttf */,
				C11A93802BEDEF6100D1CD54 /* Poppins-Italic.ttf */,
				C11A937E2BEDEF6100D1CD54 /* Poppins-Light.ttf */,
				C11A938A2BEDEF6200D1CD54 /* Poppins-LightItalic.ttf */,
				C11A93842BEDEF6200D1CD54 /* Poppins-Medium.ttf */,
				C11A938E2BEDEF6300D1CD54 /* Poppins-MediumItalic.ttf */,
				C11A93862BEDEF6200D1CD54 /* Poppins-Regular.ttf */,
				C11A93832BEDEF6200D1CD54 /* Poppins-SemiBold.ttf */,
				C11A93872BEDEF6200D1CD54 /* Poppins-SemiBoldItalic.ttf */,
				C11A938B2BEDEF6200D1CD54 /* Poppins-Thin.ttf */,
				C11A937D2BEDEF6100D1CD54 /* Poppins-ThinItalic.ttf */,
			);
			path = fonts;
			sourceTree = "<group>";
		};
		C12680992BB5E3C80025F5F4 /* service */ = {
			isa = PBXGroup;
			children = (
				C126809A2BB5E3DD0025F5F4 /* ChatService.swift */,
			);
			path = service;
			sourceTree = "<group>";
		};
		C16FC3702AD3491F00234C6C /* animation */ = {
			isa = PBXGroup;
			children = (
				C16FC3752AD34A2800234C6C /* catHeadshake.json */,
				C16FC3732AD34A0800234C6C /* catIdle.json */,
				C16FC3712AD3499900234C6C /* catHeart.json */,
				C16FC36E2AD3491900234C6C /* catSleeping.json */,
			);
			path = animation;
			sourceTree = "<group>";
		};
		C16FC3772AD373EB00234C6C /* task */ = {
			isa = PBXGroup;
			children = (
				C16FC37E2AD4879800234C6C /* TaskCell.swift */,
				C10D2C342ACC1BB4003DE05B /* TaskView.swift */,
				C1FB6A992BFF519700418018 /* TaskRowView.swift */,
				C1FB6A9B2BFFDF7600418018 /* NewTaskView.swift */,
				C1FB6A9D2BFFFADE00418018 /* TasksList.swift */,
			);
			path = task;
			sourceTree = "<group>";
		};
		C16FC38C2AD82F5A00234C6C /* character */ = {
			isa = PBXGroup;
			children = (
				C16FC38D2AD82F6C00234C6C /* LottieView.swift */,
			);
			path = character;
			sourceTree = "<group>";
		};
		C18584E62BFD3EB40037A5EE /* supabase */ = {
			isa = PBXGroup;
			children = (
				C18584F42BFE2D7C0037A5EE /* SupabaseClientProvider.swift */,
			);
			path = supabase;
			sourceTree = "<group>";
		};
		C18584F62BFE38F50037A5EE /* helpers */ = {
			isa = PBXGroup;
			children = (
				C18584F72BFE39050037A5EE /* AsyncButton.swift */,
				C18584F92BFEA2FD0037A5EE /* CalendarHeader.swift */,
				C18584FD2BFEAF110037A5EE /* ViewExtensions.swift */,
				C18584FF2BFEB9390037A5EE /* OffsetKey.swift */,
			);
			path = helpers;
			sourceTree = "<group>";
		};
		C1FB6A9F2C01309F00418018 /* data */ = {
			isa = PBXGroup;
			children = (
				C1FB6AA92C01430600418018 /* persistence */,
				C10D2C382ACC1D30003DE05B /* model */,
			);
			path = data;
			sourceTree = "<group>";
		};
		C1FB6AA92C01430600418018 /* persistence */ = {
			isa = PBXGroup;
			children = (
				C1FB6AA72C0142F500418018 /* PersistenceController.swift */,
			);
			path = persistence;
			sourceTree = "<group>";
		};
/* End PBXGroup section */

/* Begin PBXNativeTarget section */
		C11B427F26A3CB0F0030ED0A /* Seher */ = {
			isa = PBXNativeTarget;
			buildConfigurationList = C11B42A526A3CB130030ED0A /* Build configuration list for PBXNativeTarget "Seher" */;
			buildPhases = (
				C11B427C26A3CB0F0030ED0A /* Sources */,
				C11B427D26A3CB0F0030ED0A /* Frameworks */,
				C11B427E26A3CB0F0030ED0A /* Resources */,
			);
			buildRules = (
			);
			dependencies = (
			);
			name = Seher;
			packageProductDependencies = (
				C1425C0D29F426730016917A /* Lottie */,
				C128099D2BFAB0BF00A27A92 /* Alamofire */,
				C12809A22BFAB67A00A27A92 /* Auth */,
				C12809A42BFAB67A00A27A92 /* Functions */,
				C12809A62BFAB67A00A27A92 /* PostgREST */,
				C12809A82BFAB67A00A27A92 /* Realtime */,
				C12809AA2BFAB67A00A27A92 /* Storage */,
				C12809AD2BFAB80700A27A92 /* FirebaseAnalytics */,
				C12809AF2BFAB80700A27A92 /* FirebaseAnalyticsOnDeviceConversion */,
				C12809B12BFAB80700A27A92 /* FirebaseAnalyticsSwift */,
				C12809B32BFAB80700A27A92 /* FirebaseAnalyticsWithoutAdIdSupport */,
				C12809B52BFAB80700A27A92 /* FirebaseAppCheck */,
				C18584B22BFAC1680037A5EE /* Supabase */,
				C18584B62BFAC1680037A5EE /* FirebaseAuth */,
				C18584B82BFAC1680037A5EE /* FirebaseAuthCombine-Community */,
				C18584BA2BFAC1680037A5EE /* FirebaseCrashlytics */,
				C18584C22BFAC1680037A5EE /* FirebaseFirestore */,
				C18584C42BFAC1680037A5EE /* FirebaseFirestoreCombine-Community */,
				C18584C62BFAC1680037A5EE /* FirebaseFirestoreSwift */,
				C18584CA2BFAC1680037A5EE /* FirebaseFunctionsCombine-Community */,
				C18584D82BFAC1680037A5EE /* FirebaseRemoteConfig */,
				C18584DA2BFAC1680037A5EE /* FirebaseRemoteConfigSwift */,
				C18584DE2BFAC1680037A5EE /* FirebaseStorageCombine-Community */,
				C18584E42BFD3E700037A5EE /* Swinject */,
			);
			productName = Tomo;
			productReference = C11B428026A3CB0F0030ED0A /* Seher.app */;
			productType = "com.apple.product-type.application";
		};
		C11B429026A3CB120030ED0A /* SeherTests */ = {
			isa = PBXNativeTarget;
			buildConfigurationList = C11B42A826A3CB130030ED0A /* Build configuration list for PBXNativeTarget "SeherTests" */;
			buildPhases = (
				C11B428D26A3CB120030ED0A /* Sources */,
				C11B428E26A3CB120030ED0A /* Frameworks */,
				C11B428F26A3CB120030ED0A /* Resources */,
			);
			buildRules = (
			);
			dependencies = (
				C11B429326A3CB120030ED0A /* PBXTargetDependency */,
			);
			name = SeherTests;
			productName = TomoTests;
			productReference = C11B429126A3CB120030ED0A /* SeherTests.xctest */;
			productType = "com.apple.product-type.bundle.unit-test";
		};
		C11B429B26A3CB130030ED0A /* SeherUITests */ = {
			isa = PBXNativeTarget;
			buildConfigurationList = C11B42AB26A3CB130030ED0A /* Build configuration list for PBXNativeTarget "SeherUITests" */;
			buildPhases = (
				C11B429826A3CB130030ED0A /* Sources */,
				C11B429926A3CB130030ED0A /* Frameworks */,
				C11B429A26A3CB130030ED0A /* Resources */,
			);
			buildRules = (
			);
			dependencies = (
				C11B429E26A3CB130030ED0A /* PBXTargetDependency */,
			);
			name = SeherUITests;
			productName = TomoUITests;
			productReference = C11B429C26A3CB130030ED0A /* SeherUITests.xctest */;
			productType = "com.apple.product-type.bundle.ui-testing";
		};
/* End PBXNativeTarget section */

/* Begin PBXProject section */
		C11B427826A3CB0F0030ED0A /* Project object */ = {
			isa = PBXProject;
			attributes = {
				BuildIndependentTargetsInParallel = YES;
				LastSwiftUpdateCheck = 1250;
				LastUpgradeCheck = 1530;
				TargetAttributes = {
					C11B427F26A3CB0F0030ED0A = {
						CreatedOnToolsVersion = 12.5.1;
						LastSwiftMigration = 1250;
					};
					C11B429026A3CB120030ED0A = {
						CreatedOnToolsVersion = 12.5.1;
						TestTargetID = C11B427F26A3CB0F0030ED0A;
					};
					C11B429B26A3CB130030ED0A = {
						CreatedOnToolsVersion = 12.5.1;
						TestTargetID = C11B427F26A3CB0F0030ED0A;
					};
				};
			};
			buildConfigurationList = C11B427B26A3CB0F0030ED0A /* Build configuration list for PBXProject "Seher" */;
			compatibilityVersion = "Xcode 9.3";
			developmentRegion = en;
			hasScannedForEncodings = 0;
			knownRegions = (
				en,
				Base,
			);
			mainGroup = C11B427726A3CB0F0030ED0A;
			packageReferences = (
				C1425C0C29F426730016917A /* XCRemoteSwiftPackageReference "lottie-ios" */,
				C128099C2BFAB0BF00A27A92 /* XCRemoteSwiftPackageReference "Alamofire" */,
				C12809A12BFAB67A00A27A92 /* XCRemoteSwiftPackageReference "supabase-swift" */,
				C12809AC2BFAB80700A27A92 /* XCRemoteSwiftPackageReference "firebase-ios-sdk" */,
				C18584E32BFD3E6F0037A5EE /* XCRemoteSwiftPackageReference "Swinject" */,
			);
			productRefGroup = C11B428126A3CB0F0030ED0A /* Products */;
			projectDirPath = "";
			projectRoot = "";
			targets = (
				C11B427F26A3CB0F0030ED0A /* Seher */,
				C11B429026A3CB120030ED0A /* SeherTests */,
				C11B429B26A3CB130030ED0A /* SeherUITests */,
			);
		};
/* End PBXProject section */

/* Begin PBXResourcesBuildPhase section */
		C11B427E26A3CB0F0030ED0A /* Resources */ = {
			isa = PBXResourcesBuildPhase;
			buildActionMask = 2147483647;
			files = (
				C16FC3762AD34A2800234C6C /* catHeadshake.json in Resources */,
				C11A939B2BEDF22500D1CD54 /* Poppins-MediumItalic.ttf in Resources */,
				C11B428B26A3CB120030ED0A /* Preview Assets.xcassets in Resources */,
				C11A939F2BEDF23200D1CD54 /* Poppins-Thin.ttf in Resources */,
				C11A93922BEDF20A00D1CD54 /* Poppins-BoldItalic.ttf in Resources */,
				C11B42D626A3CFAC0030ED0A /* Colors.xcassets in Resources */,
				C11A93962BEDF21500D1CD54 /* Poppins-ExtraLightItalic.ttf in Resources */,
				C11A93952BEDF21200D1CD54 /* Poppins-ExtraLight.ttf in Resources */,
				C11B428826A3CB120030ED0A /* Assets.xcassets in Resources */,
				C11A938F2BEDF1FA00D1CD54 /* Poppins-Black.ttf in Resources */,
				C16FC3742AD34A0800234C6C /* catIdle.json in Resources */,
				C16FC36F2AD3491900234C6C /* catSleeping.json in Resources */,
				C11A93982BEDF21B00D1CD54 /* Poppins-Light.ttf in Resources */,
				C11A93992BEDF21E00D1CD54 /* Poppins-LightItalic.ttf in Resources */,
				C11A93912BEDF20700D1CD54 /* Poppins-Bold.ttf in Resources */,
				C11A93942BEDF20F00D1CD54 /* Poppins-ExtraBoldItalic.ttf in Resources */,
				C11A939E2BEDF22F00D1CD54 /* Poppins-SemiBoldItalic.ttf in Resources */,
				C11A93972BEDF21800D1CD54 /* Poppins-Italic.ttf in Resources */,
				C11A939A2BEDF22100D1CD54 /* Poppins-Medium.ttf in Resources */,
				C11B42D826A3CFB80030ED0A /* Launch Screen.storyboard in Resources */,
				C11A93932BEDF20C00D1CD54 /* Poppins-ExtraBold.ttf in Resources */,
				C11B42D426A3CFA30030ED0A /* GoogleService-Info.plist in Resources */,
				C16FC3722AD3499900234C6C /* catHeart.json in Resources */,
				C11A939D2BEDF22C00D1CD54 /* Poppins-SemiBold.ttf in Resources */,
				C11A93A02BEDF23500D1CD54 /* Poppins-ThinItalic.ttf in Resources */,
				C11A93902BEDF20500D1CD54 /* Poppins-BlackItalic.ttf in Resources */,
				C11A939C2BEDF22900D1CD54 /* Poppins-Regular.ttf in Resources */,
			);
			runOnlyForDeploymentPostprocessing = 0;
		};
		C11B428F26A3CB120030ED0A /* Resources */ = {
			isa = PBXResourcesBuildPhase;
			buildActionMask = 2147483647;
			files = (
			);
			runOnlyForDeploymentPostprocessing = 0;
		};
		C11B429A26A3CB130030ED0A /* Resources */ = {
			isa = PBXResourcesBuildPhase;
			buildActionMask = 2147483647;
			files = (
			);
			runOnlyForDeploymentPostprocessing = 0;
		};
/* End PBXResourcesBuildPhase section */

/* Begin PBXSourcesBuildPhase section */
		C11B427C26A3CB0F0030ED0A /* Sources */ = {
			isa = PBXSourcesBuildPhase;
			buildActionMask = 2147483647;
			files = (
				C11B42BC26A3CF4E0030ED0A /* RegisterView.swift in Sources */,
				C14F25C329D94FD500F59D64 /* ChatView.swift in Sources */,
				C18584FC2BFEA3C20037A5EE /* DateExtensions.swift in Sources */,
				C16FC38E2AD82F6C00234C6C /* LottieView.swift in Sources */,
				C16FC37F2AD4879800234C6C /* TaskCell.swift in Sources */,
				C1FB6A9E2BFFFADE00418018 /* TasksList.swift in Sources */,
				C11B42BF26A3CF4E0030ED0A /* HomeView.swift in Sources */,
				C14F25C729D9553500F59D64 /* ChatMessage.swift in Sources */,
				C10D2C372ACC1BD9003DE05B /* TaskRepository.swift in Sources */,
				C10D2C3A2ACC1E61003DE05B /* TaskItem.swift in Sources */,
				C18584F52BFE2D7D0037A5EE /* SupabaseClientProvider.swift in Sources */,
				C1FB6A9C2BFFDF7600418018 /* NewTaskView.swift in Sources */,
				C18584FA2BFEA2FD0037A5EE /* CalendarHeader.swift in Sources */,
				C126809B2BB5E3DD0025F5F4 /* ChatService.swift in Sources */,
				C1FB6A9A2BFF519700418018 /* TaskRowView.swift in Sources */,
				C1FB6AA62C01428F00418018 /* SeherApp.swift in Sources */,
				C16FC3932AD87F7600234C6C /* TypingIndicator.swift in Sources */,
				C11B42C026A3CF4E0030ED0A /* ContentView.swift in Sources */,
				C116657B27D0BDF600F9E9DE /* NameViewModel.swift in Sources */,
				C16FC37B2AD44E2400234C6C /* TaskViewModel.swift in Sources */,
				C16FC3812AD5B2AA00234C6C /* ChatViewModel.swift in Sources */,
				C16FC37D2AD44E8C00234C6C /* TaskCellViewModel.swift in Sources */,
				C11B42D026A3CF8C0030ED0A /* ColorManager.swift in Sources */,
				C18584FE2BFEAF110037A5EE /* ViewExtensions.swift in Sources */,
				C11B42CC26A3CF6E0030ED0A /* LoginViewModel.swift in Sources */,
				C10D2C352ACC1BB4003DE05B /* TaskView.swift in Sources */,
				C11B42CA26A3CF6E0030ED0A /* RegisterViewModel.swift in Sources */,
				C14F25C929D9555600F59D64 /* ChatRow.swift in Sources */,
				C18585002BFEB9390037A5EE /* OffsetKey.swift in Sources */,
				C14F25C529D9550A00F59D64 /* ChatBubble.swift in Sources */,
				C18584F82BFE39050037A5EE /* AsyncButton.swift in Sources */,
				C11B42C126A3CF4E0030ED0A /* NameView.swift in Sources */,
				C11B42BE26A3CF4E0030ED0A /* LoginView.swift in Sources */,
				C11B42B026A3CF210030ED0A /* NameRepository.swift in Sources */,
				C1FB6AA82C0142F500418018 /* PersistenceController.swift in Sources */,
			);
			runOnlyForDeploymentPostprocessing = 0;
		};
		C11B428D26A3CB120030ED0A /* Sources */ = {
			isa = PBXSourcesBuildPhase;
			buildActionMask = 2147483647;
			files = (
				C11B429626A3CB120030ED0A /* SeherTests.swift in Sources */,
			);
			runOnlyForDeploymentPostprocessing = 0;
		};
		C11B429826A3CB130030ED0A /* Sources */ = {
			isa = PBXSourcesBuildPhase;
			buildActionMask = 2147483647;
			files = (
				C11B42A126A3CB130030ED0A /* SeherUITests.swift in Sources */,
			);
			runOnlyForDeploymentPostprocessing = 0;
		};
/* End PBXSourcesBuildPhase section */

/* Begin PBXTargetDependency section */
		C11B429326A3CB120030ED0A /* PBXTargetDependency */ = {
			isa = PBXTargetDependency;
			target = C11B427F26A3CB0F0030ED0A /* Seher */;
			targetProxy = C11B429226A3CB120030ED0A /* PBXContainerItemProxy */;
		};
		C11B429E26A3CB130030ED0A /* PBXTargetDependency */ = {
			isa = PBXTargetDependency;
			target = C11B427F26A3CB0F0030ED0A /* Seher */;
			targetProxy = C11B429D26A3CB130030ED0A /* PBXContainerItemProxy */;
		};
/* End PBXTargetDependency section */

/* Begin XCBuildConfiguration section */
		C11B42A326A3CB130030ED0A /* Debug */ = {
			isa = XCBuildConfiguration;
			baseConfigurationReference = C18584E22BFB3A410037A5EE /* Config.xcconfig */;
			buildSettings = {
				ALWAYS_SEARCH_USER_PATHS = NO;
				ASSETCATALOG_COMPILER_GENERATE_SWIFT_ASSET_SYMBOL_EXTENSIONS = YES;
				CLANG_ANALYZER_NONNULL = YES;
				CLANG_ANALYZER_NUMBER_OBJECT_CONVERSION = YES_AGGRESSIVE;
				CLANG_CXX_LANGUAGE_STANDARD = "gnu++14";
				CLANG_CXX_LIBRARY = "libc++";
				CLANG_ENABLE_MODULES = YES;
				CLANG_ENABLE_OBJC_ARC = YES;
				CLANG_ENABLE_OBJC_WEAK = YES;
				CLANG_WARN_BLOCK_CAPTURE_AUTORELEASING = YES;
				CLANG_WARN_BOOL_CONVERSION = YES;
				CLANG_WARN_COMMA = YES;
				CLANG_WARN_CONSTANT_CONVERSION = YES;
				CLANG_WARN_DEPRECATED_OBJC_IMPLEMENTATIONS = YES;
				CLANG_WARN_DIRECT_OBJC_ISA_USAGE = YES_ERROR;
				CLANG_WARN_DOCUMENTATION_COMMENTS = YES;
				CLANG_WARN_EMPTY_BODY = YES;
				CLANG_WARN_ENUM_CONVERSION = YES;
				CLANG_WARN_INFINITE_RECURSION = YES;
				CLANG_WARN_INT_CONVERSION = YES;
				CLANG_WARN_NON_LITERAL_NULL_CONVERSION = YES;
				CLANG_WARN_OBJC_IMPLICIT_RETAIN_SELF = YES;
				CLANG_WARN_OBJC_LITERAL_CONVERSION = YES;
				CLANG_WARN_OBJC_ROOT_CLASS = YES_ERROR;
				CLANG_WARN_QUOTED_INCLUDE_IN_FRAMEWORK_HEADER = YES;
				CLANG_WARN_RANGE_LOOP_ANALYSIS = YES;
				CLANG_WARN_STRICT_PROTOTYPES = YES;
				CLANG_WARN_SUSPICIOUS_MOVE = YES;
				CLANG_WARN_UNGUARDED_AVAILABILITY = YES_AGGRESSIVE;
				CLANG_WARN_UNREACHABLE_CODE = YES;
				CLANG_WARN__DUPLICATE_METHOD_MATCH = YES;
				COPY_PHASE_STRIP = NO;
				DEBUG_INFORMATION_FORMAT = dwarf;
				ENABLE_STRICT_OBJC_MSGSEND = YES;
				ENABLE_TESTABILITY = YES;
				ENABLE_USER_SCRIPT_SANDBOXING = NO;
				GCC_C_LANGUAGE_STANDARD = gnu11;
				GCC_DYNAMIC_NO_PIC = NO;
				GCC_NO_COMMON_BLOCKS = YES;
				GCC_OPTIMIZATION_LEVEL = 0;
				GCC_PREPROCESSOR_DEFINITIONS = (
					"DEBUG=1",
					"$(inherited)",
				);
				GCC_WARN_64_TO_32_BIT_CONVERSION = YES;
				GCC_WARN_ABOUT_RETURN_TYPE = YES_ERROR;
				GCC_WARN_UNDECLARED_SELECTOR = YES;
				GCC_WARN_UNINITIALIZED_AUTOS = YES_AGGRESSIVE;
				GCC_WARN_UNUSED_FUNCTION = YES;
				GCC_WARN_UNUSED_VARIABLE = YES;
				IPHONEOS_DEPLOYMENT_TARGET = 16.0;
				MTL_ENABLE_DEBUG_INFO = INCLUDE_SOURCE;
				MTL_FAST_MATH = YES;
				ONLY_ACTIVE_ARCH = YES;
				SDKROOT = iphoneos;
				SWIFT_ACTIVE_COMPILATION_CONDITIONS = DEBUG;
				SWIFT_OPTIMIZATION_LEVEL = "-Onone";
			};
			name = Debug;
		};
		C11B42A426A3CB130030ED0A /* Release */ = {
			isa = XCBuildConfiguration;
			baseConfigurationReference = C18584E22BFB3A410037A5EE /* Config.xcconfig */;
			buildSettings = {
				ALWAYS_SEARCH_USER_PATHS = NO;
				ASSETCATALOG_COMPILER_GENERATE_SWIFT_ASSET_SYMBOL_EXTENSIONS = YES;
				CLANG_ANALYZER_NONNULL = YES;
				CLANG_ANALYZER_NUMBER_OBJECT_CONVERSION = YES_AGGRESSIVE;
				CLANG_CXX_LANGUAGE_STANDARD = "gnu++14";
				CLANG_CXX_LIBRARY = "libc++";
				CLANG_ENABLE_MODULES = YES;
				CLANG_ENABLE_OBJC_ARC = YES;
				CLANG_ENABLE_OBJC_WEAK = YES;
				CLANG_WARN_BLOCK_CAPTURE_AUTORELEASING = YES;
				CLANG_WARN_BOOL_CONVERSION = YES;
				CLANG_WARN_COMMA = YES;
				CLANG_WARN_CONSTANT_CONVERSION = YES;
				CLANG_WARN_DEPRECATED_OBJC_IMPLEMENTATIONS = YES;
				CLANG_WARN_DIRECT_OBJC_ISA_USAGE = YES_ERROR;
				CLANG_WARN_DOCUMENTATION_COMMENTS = YES;
				CLANG_WARN_EMPTY_BODY = YES;
				CLANG_WARN_ENUM_CONVERSION = YES;
				CLANG_WARN_INFINITE_RECURSION = YES;
				CLANG_WARN_INT_CONVERSION = YES;
				CLANG_WARN_NON_LITERAL_NULL_CONVERSION = YES;
				CLANG_WARN_OBJC_IMPLICIT_RETAIN_SELF = YES;
				CLANG_WARN_OBJC_LITERAL_CONVERSION = YES;
				CLANG_WARN_OBJC_ROOT_CLASS = YES_ERROR;
				CLANG_WARN_QUOTED_INCLUDE_IN_FRAMEWORK_HEADER = YES;
				CLANG_WARN_RANGE_LOOP_ANALYSIS = YES;
				CLANG_WARN_STRICT_PROTOTYPES = YES;
				CLANG_WARN_SUSPICIOUS_MOVE = YES;
				CLANG_WARN_UNGUARDED_AVAILABILITY = YES_AGGRESSIVE;
				CLANG_WARN_UNREACHABLE_CODE = YES;
				CLANG_WARN__DUPLICATE_METHOD_MATCH = YES;
				COPY_PHASE_STRIP = NO;
				DEBUG_INFORMATION_FORMAT = "dwarf-with-dsym";
				ENABLE_NS_ASSERTIONS = NO;
				ENABLE_STRICT_OBJC_MSGSEND = YES;
				ENABLE_USER_SCRIPT_SANDBOXING = NO;
				GCC_C_LANGUAGE_STANDARD = gnu11;
				GCC_NO_COMMON_BLOCKS = YES;
				GCC_WARN_64_TO_32_BIT_CONVERSION = YES;
				GCC_WARN_ABOUT_RETURN_TYPE = YES_ERROR;
				GCC_WARN_UNDECLARED_SELECTOR = YES;
				GCC_WARN_UNINITIALIZED_AUTOS = YES_AGGRESSIVE;
				GCC_WARN_UNUSED_FUNCTION = YES;
				GCC_WARN_UNUSED_VARIABLE = YES;
				IPHONEOS_DEPLOYMENT_TARGET = 16.0;
				MTL_ENABLE_DEBUG_INFO = NO;
				MTL_FAST_MATH = YES;
				SDKROOT = iphoneos;
				SWIFT_COMPILATION_MODE = wholemodule;
				SWIFT_OPTIMIZATION_LEVEL = "-O";
				VALIDATE_PRODUCT = YES;
			};
			name = Release;
		};
		C11B42A626A3CB130030ED0A /* Debug */ = {
			isa = XCBuildConfiguration;
			buildSettings = {
				ASSETCATALOG_COMPILER_APPICON_NAME = AppIcon;
				ASSETCATALOG_COMPILER_GLOBAL_ACCENT_COLOR_NAME = AccentColor;
				CLANG_ENABLE_MODULES = YES;
				CODE_SIGN_STYLE = Automatic;
				DEVELOPMENT_ASSET_PATHS = "\"Seher/Preview Content\"";
				DEVELOPMENT_TEAM = 82G2YNZFZ2;
				ENABLE_PREVIEWS = YES;
				INFOPLIST_FILE = Seher/Info.plist;
				IPHONEOS_DEPLOYMENT_TARGET = 17.0;
				LD_RUNPATH_SEARCH_PATHS = (
					"$(inherited)",
					"@executable_path/Frameworks",
				);
				PRODUCT_BUNDLE_IDENTIFIER = seher.Seher;
				PRODUCT_NAME = "$(TARGET_NAME)";
				SWIFT_OPTIMIZATION_LEVEL = "-Onone";
				SWIFT_VERSION = 5.0;
				TARGETED_DEVICE_FAMILY = 1;
			};
			name = Debug;
		};
		C11B42A726A3CB130030ED0A /* Release */ = {
			isa = XCBuildConfiguration;
			buildSettings = {
				ASSETCATALOG_COMPILER_APPICON_NAME = AppIcon;
				ASSETCATALOG_COMPILER_GLOBAL_ACCENT_COLOR_NAME = AccentColor;
				CLANG_ENABLE_MODULES = YES;
				CODE_SIGN_STYLE = Automatic;
				DEVELOPMENT_ASSET_PATHS = "\"Seher/Preview Content\"";
				DEVELOPMENT_TEAM = 82G2YNZFZ2;
				ENABLE_PREVIEWS = YES;
				INFOPLIST_FILE = Seher/Info.plist;
				IPHONEOS_DEPLOYMENT_TARGET = 17.0;
				LD_RUNPATH_SEARCH_PATHS = (
					"$(inherited)",
					"@executable_path/Frameworks",
				);
				PRODUCT_BUNDLE_IDENTIFIER = seher.Seher;
				PRODUCT_NAME = "$(TARGET_NAME)";
				SWIFT_VERSION = 5.0;
				TARGETED_DEVICE_FAMILY = 1;
			};
			name = Release;
		};
		C11B42A926A3CB130030ED0A /* Debug */ = {
			isa = XCBuildConfiguration;
			buildSettings = {
				ALWAYS_EMBED_SWIFT_STANDARD_LIBRARIES = YES;
				BUNDLE_LOADER = "$(TEST_HOST)";
				CODE_SIGN_STYLE = Automatic;
				DEVELOPMENT_TEAM = 82G2YNZFZ2;
				INFOPLIST_FILE = SeherTests/Info.plist;
				IPHONEOS_DEPLOYMENT_TARGET = 16.0;
				LD_RUNPATH_SEARCH_PATHS = (
					"$(inherited)",
					"@executable_path/Frameworks",
					"@loader_path/Frameworks",
				);
				PRODUCT_BUNDLE_IDENTIFIER = seher.SeherTests;
				PRODUCT_NAME = "$(TARGET_NAME)";
				SWIFT_VERSION = 5.0;
				TARGETED_DEVICE_FAMILY = "1,2";
				TEST_HOST = "$(BUILT_PRODUCTS_DIR)/Seher.app/Seher";
			};
			name = Debug;
		};
		C11B42AA26A3CB130030ED0A /* Release */ = {
			isa = XCBuildConfiguration;
			buildSettings = {
				ALWAYS_EMBED_SWIFT_STANDARD_LIBRARIES = YES;
				BUNDLE_LOADER = "$(TEST_HOST)";
				CODE_SIGN_STYLE = Automatic;
				DEVELOPMENT_TEAM = 82G2YNZFZ2;
				INFOPLIST_FILE = SeherTests/Info.plist;
				IPHONEOS_DEPLOYMENT_TARGET = 16.0;
				LD_RUNPATH_SEARCH_PATHS = (
					"$(inherited)",
					"@executable_path/Frameworks",
					"@loader_path/Frameworks",
				);
				PRODUCT_BUNDLE_IDENTIFIER = seher.SeherTests;
				PRODUCT_NAME = "$(TARGET_NAME)";
				SWIFT_VERSION = 5.0;
				TARGETED_DEVICE_FAMILY = "1,2";
				TEST_HOST = "$(BUILT_PRODUCTS_DIR)/Seher.app/Seher";
			};
			name = Release;
		};
		C11B42AC26A3CB130030ED0A /* Debug */ = {
			isa = XCBuildConfiguration;
			buildSettings = {
				ALWAYS_EMBED_SWIFT_STANDARD_LIBRARIES = YES;
				CODE_SIGN_STYLE = Automatic;
				DEVELOPMENT_TEAM = 82G2YNZFZ2;
				INFOPLIST_FILE = SeherUITests/Info.plist;
				LD_RUNPATH_SEARCH_PATHS = (
					"$(inherited)",
					"@executable_path/Frameworks",
					"@loader_path/Frameworks",
				);
				PRODUCT_BUNDLE_IDENTIFIER = seher.SeherUITests;
				PRODUCT_NAME = "$(TARGET_NAME)";
				SWIFT_VERSION = 5.0;
				TARGETED_DEVICE_FAMILY = "1,2";
				TEST_TARGET_NAME = Tomo;
			};
			name = Debug;
		};
		C11B42AD26A3CB130030ED0A /* Release */ = {
			isa = XCBuildConfiguration;
			buildSettings = {
				ALWAYS_EMBED_SWIFT_STANDARD_LIBRARIES = YES;
				CODE_SIGN_STYLE = Automatic;
				DEVELOPMENT_TEAM = 82G2YNZFZ2;
				INFOPLIST_FILE = SeherUITests/Info.plist;
				LD_RUNPATH_SEARCH_PATHS = (
					"$(inherited)",
					"@executable_path/Frameworks",
					"@loader_path/Frameworks",
				);
				PRODUCT_BUNDLE_IDENTIFIER = seher.SeherUITests;
				PRODUCT_NAME = "$(TARGET_NAME)";
				SWIFT_VERSION = 5.0;
				TARGETED_DEVICE_FAMILY = "1,2";
				TEST_TARGET_NAME = Tomo;
			};
			name = Release;
		};
/* End XCBuildConfiguration section */

/* Begin XCConfigurationList section */
		C11B427B26A3CB0F0030ED0A /* Build configuration list for PBXProject "Seher" */ = {
			isa = XCConfigurationList;
			buildConfigurations = (
				C11B42A326A3CB130030ED0A /* Debug */,
				C11B42A426A3CB130030ED0A /* Release */,
			);
			defaultConfigurationIsVisible = 0;
			defaultConfigurationName = Release;
		};
		C11B42A526A3CB130030ED0A /* Build configuration list for PBXNativeTarget "Seher" */ = {
			isa = XCConfigurationList;
			buildConfigurations = (
				C11B42A626A3CB130030ED0A /* Debug */,
				C11B42A726A3CB130030ED0A /* Release */,
			);
			defaultConfigurationIsVisible = 0;
			defaultConfigurationName = Release;
		};
		C11B42A826A3CB130030ED0A /* Build configuration list for PBXNativeTarget "SeherTests" */ = {
			isa = XCConfigurationList;
			buildConfigurations = (
				C11B42A926A3CB130030ED0A /* Debug */,
				C11B42AA26A3CB130030ED0A /* Release */,
			);
			defaultConfigurationIsVisible = 0;
			defaultConfigurationName = Release;
		};
		C11B42AB26A3CB130030ED0A /* Build configuration list for PBXNativeTarget "SeherUITests" */ = {
			isa = XCConfigurationList;
			buildConfigurations = (
				C11B42AC26A3CB130030ED0A /* Debug */,
				C11B42AD26A3CB130030ED0A /* Release */,
			);
			defaultConfigurationIsVisible = 0;
			defaultConfigurationName = Release;
		};
/* End XCConfigurationList section */

/* Begin XCRemoteSwiftPackageReference section */
		C128099C2BFAB0BF00A27A92 /* XCRemoteSwiftPackageReference "Alamofire" */ = {
			isa = XCRemoteSwiftPackageReference;
			repositoryURL = "https://github.com/Alamofire/Alamofire.git";
			requirement = {
				kind = upToNextMajorVersion;
				minimumVersion = 5.9.1;
			};
		};
		C12809A12BFAB67A00A27A92 /* XCRemoteSwiftPackageReference "supabase-swift" */ = {
			isa = XCRemoteSwiftPackageReference;
			repositoryURL = "https://github.com/supabase/supabase-swift.git";
			requirement = {
				branch = main;
				kind = branch;
			};
		};
		C12809AC2BFAB80700A27A92 /* XCRemoteSwiftPackageReference "firebase-ios-sdk" */ = {
			isa = XCRemoteSwiftPackageReference;
			repositoryURL = "https://github.com/firebase/firebase-ios-sdk.git";
			requirement = {
				kind = upToNextMajorVersion;
				minimumVersion = 10.26.0;
			};
		};
		C1425C0C29F426730016917A /* XCRemoteSwiftPackageReference "lottie-ios" */ = {
			isa = XCRemoteSwiftPackageReference;
			repositoryURL = "https://github.com/airbnb/lottie-ios.git";
			requirement = {
				kind = upToNextMajorVersion;
				minimumVersion = 4.0.0;
			};
		};
		C18584E32BFD3E6F0037A5EE /* XCRemoteSwiftPackageReference "Swinject" */ = {
			isa = XCRemoteSwiftPackageReference;
			repositoryURL = "https://github.com/Swinject/Swinject";
			requirement = {
				kind = upToNextMajorVersion;
				minimumVersion = 2.8.8;
			};
		};
/* End XCRemoteSwiftPackageReference section */

/* Begin XCSwiftPackageProductDependency section */
		C128099D2BFAB0BF00A27A92 /* Alamofire */ = {
			isa = XCSwiftPackageProductDependency;
			package = C128099C2BFAB0BF00A27A92 /* XCRemoteSwiftPackageReference "Alamofire" */;
			productName = Alamofire;
		};
		C12809A22BFAB67A00A27A92 /* Auth */ = {
			isa = XCSwiftPackageProductDependency;
			package = C12809A12BFAB67A00A27A92 /* XCRemoteSwiftPackageReference "supabase-swift" */;
			productName = Auth;
		};
		C12809A42BFAB67A00A27A92 /* Functions */ = {
			isa = XCSwiftPackageProductDependency;
			package = C12809A12BFAB67A00A27A92 /* XCRemoteSwiftPackageReference "supabase-swift" */;
			productName = Functions;
		};
		C12809A62BFAB67A00A27A92 /* PostgREST */ = {
			isa = XCSwiftPackageProductDependency;
			package = C12809A12BFAB67A00A27A92 /* XCRemoteSwiftPackageReference "supabase-swift" */;
			productName = PostgREST;
		};
		C12809A82BFAB67A00A27A92 /* Realtime */ = {
			isa = XCSwiftPackageProductDependency;
			package = C12809A12BFAB67A00A27A92 /* XCRemoteSwiftPackageReference "supabase-swift" */;
			productName = Realtime;
		};
		C12809AA2BFAB67A00A27A92 /* Storage */ = {
			isa = XCSwiftPackageProductDependency;
			package = C12809A12BFAB67A00A27A92 /* XCRemoteSwiftPackageReference "supabase-swift" */;
			productName = Storage;
		};
		C12809AD2BFAB80700A27A92 /* FirebaseAnalytics */ = {
			isa = XCSwiftPackageProductDependency;
			package = C12809AC2BFAB80700A27A92 /* XCRemoteSwiftPackageReference "firebase-ios-sdk" */;
			productName = FirebaseAnalytics;
		};
		C12809AF2BFAB80700A27A92 /* FirebaseAnalyticsOnDeviceConversion */ = {
			isa = XCSwiftPackageProductDependency;
			package = C12809AC2BFAB80700A27A92 /* XCRemoteSwiftPackageReference "firebase-ios-sdk" */;
			productName = FirebaseAnalyticsOnDeviceConversion;
		};
		C12809B12BFAB80700A27A92 /* FirebaseAnalyticsSwift */ = {
			isa = XCSwiftPackageProductDependency;
			package = C12809AC2BFAB80700A27A92 /* XCRemoteSwiftPackageReference "firebase-ios-sdk" */;
			productName = FirebaseAnalyticsSwift;
		};
		C12809B32BFAB80700A27A92 /* FirebaseAnalyticsWithoutAdIdSupport */ = {
			isa = XCSwiftPackageProductDependency;
			package = C12809AC2BFAB80700A27A92 /* XCRemoteSwiftPackageReference "firebase-ios-sdk" */;
			productName = FirebaseAnalyticsWithoutAdIdSupport;
		};
		C12809B52BFAB80700A27A92 /* FirebaseAppCheck */ = {
			isa = XCSwiftPackageProductDependency;
			package = C12809AC2BFAB80700A27A92 /* XCRemoteSwiftPackageReference "firebase-ios-sdk" */;
			productName = FirebaseAppCheck;
		};
		C1425C0D29F426730016917A /* Lottie */ = {
			isa = XCSwiftPackageProductDependency;
			package = C1425C0C29F426730016917A /* XCRemoteSwiftPackageReference "lottie-ios" */;
			productName = Lottie;
		};
		C18584B22BFAC1680037A5EE /* Supabase */ = {
			isa = XCSwiftPackageProductDependency;
			package = C12809A12BFAB67A00A27A92 /* XCRemoteSwiftPackageReference "supabase-swift" */;
			productName = Supabase;
		};
		C18584B62BFAC1680037A5EE /* FirebaseAuth */ = {
			isa = XCSwiftPackageProductDependency;
			package = C12809AC2BFAB80700A27A92 /* XCRemoteSwiftPackageReference "firebase-ios-sdk" */;
			productName = FirebaseAuth;
		};
		C18584B82BFAC1680037A5EE /* FirebaseAuthCombine-Community */ = {
			isa = XCSwiftPackageProductDependency;
			package = C12809AC2BFAB80700A27A92 /* XCRemoteSwiftPackageReference "firebase-ios-sdk" */;
			productName = "FirebaseAuthCombine-Community";
		};
		C18584BA2BFAC1680037A5EE /* FirebaseCrashlytics */ = {
			isa = XCSwiftPackageProductDependency;
			package = C12809AC2BFAB80700A27A92 /* XCRemoteSwiftPackageReference "firebase-ios-sdk" */;
			productName = FirebaseCrashlytics;
		};
		C18584C22BFAC1680037A5EE /* FirebaseFirestore */ = {
			isa = XCSwiftPackageProductDependency;
			package = C12809AC2BFAB80700A27A92 /* XCRemoteSwiftPackageReference "firebase-ios-sdk" */;
			productName = FirebaseFirestore;
		};
		C18584C42BFAC1680037A5EE /* FirebaseFirestoreCombine-Community */ = {
			isa = XCSwiftPackageProductDependency;
			package = C12809AC2BFAB80700A27A92 /* XCRemoteSwiftPackageReference "firebase-ios-sdk" */;
			productName = "FirebaseFirestoreCombine-Community";
		};
		C18584C62BFAC1680037A5EE /* FirebaseFirestoreSwift */ = {
			isa = XCSwiftPackageProductDependency;
			package = C12809AC2BFAB80700A27A92 /* XCRemoteSwiftPackageReference "firebase-ios-sdk" */;
			productName = FirebaseFirestoreSwift;
		};
		C18584CA2BFAC1680037A5EE /* FirebaseFunctionsCombine-Community */ = {
			isa = XCSwiftPackageProductDependency;
			package = C12809AC2BFAB80700A27A92 /* XCRemoteSwiftPackageReference "firebase-ios-sdk" */;
			productName = "FirebaseFunctionsCombine-Community";
		};
		C18584D82BFAC1680037A5EE /* FirebaseRemoteConfig */ = {
			isa = XCSwiftPackageProductDependency;
			package = C12809AC2BFAB80700A27A92 /* XCRemoteSwiftPackageReference "firebase-ios-sdk" */;
			productName = FirebaseRemoteConfig;
		};
		C18584DA2BFAC1680037A5EE /* FirebaseRemoteConfigSwift */ = {
			isa = XCSwiftPackageProductDependency;
			package = C12809AC2BFAB80700A27A92 /* XCRemoteSwiftPackageReference "firebase-ios-sdk" */;
			productName = FirebaseRemoteConfigSwift;
		};
		C18584DE2BFAC1680037A5EE /* FirebaseStorageCombine-Community */ = {
			isa = XCSwiftPackageProductDependency;
			package = C12809AC2BFAB80700A27A92 /* XCRemoteSwiftPackageReference "firebase-ios-sdk" */;
			productName = "FirebaseStorageCombine-Community";
		};
		C18584E42BFD3E700037A5EE /* Swinject */ = {
			isa = XCSwiftPackageProductDependency;
			package = C18584E32BFD3E6F0037A5EE /* XCRemoteSwiftPackageReference "Swinject" */;
			productName = Swinject;
		};
/* End XCSwiftPackageProductDependency section */
	};
	rootObject = C11B427826A3CB0F0030ED0A /* Project object */;
}
